
Microsoft Visual Studio Solution File, Format Version 12.00
# Visual Studio Version 17
VisualStudioVersion = 17.14.36221.1 d17.14
MinimumVisualStudioVersion = 10.0.40219.1
Project("{FAE04EC0-301F-11D3-BF4B-00C04F79EFBC}") = "FirstWebAPI", "FirstWebAPI\FirstWebAPI.csproj", "{48877400-94F2-485F-905B-23BCF7AE6829}"
EndProject
Global
	GlobalSection(SolutionConfigurationPlatforms) = preSolution
		Debug|Any CPU = Debug|Any CPU
		Release|Any CPU = Release|Any CPU
	EndGlobalSection
	GlobalSection(ProjectConfigurationPlatforms) = postSolution
		{48877400-94F2-485F-905B-23BCF7AE6829}.Debug|Any CPU.ActiveCfg = Debug|Any CPU
		{48877400-94F2-485F-905B-23BCF7AE6829}.Debug|Any CPU.Build.0 = Debug|Any CPU
		{48877400-94F2-485F-905B-23BCF7AE6829}.Release|Any CPU.ActiveCfg = Release|Any CPU
		{48877400-94F2-485F-905B-23BCF7AE6829}.Release|Any CPU.Build.0 = Release|Any CPU
	EndGlobalSection
	GlobalSection(SolutionProperties) = preSolution
		HideSolutionNode = FALSE
	EndGlobalSection
	GlobalSection(ExtensibilityGlobals) = postSolution
		SolutionGuid = {28FACB12-1D40-4338-9653-48A83FEB0815}
	EndGlobalSection
EndGlobal
